
Microsoft Visual Studio Solution File, Format Version 12.00
# Visual Studio Version 16
VisualStudioVersion = 16.0.31410.357
MinimumVisualStudioVersion = 10.0.40219.1
Project("{FAE04EC0-301F-11D3-BF4B-00C04F79EFBC}") = "Cantidad_de_palabras", "Cantidad_de_palabras\Cantidad_de_palabras.csproj", "{EAEB1D94-AD56-47DE-A033-CC974AE57B9F}"
EndProject
Global
	GlobalSection(SolutionConfigurationPlatforms) = preSolution
		Debug|Any CPU = Debug|Any CPU
		Release|Any CPU = Release|Any CPU
	EndGlobalSection
	GlobalSection(ProjectConfigurationPlatforms) = postSolution
		{EAEB1D94-AD56-47DE-A033-CC974AE57B9F}.Debug|Any CPU.ActiveCfg = Debug|Any CPU
		{EAEB1D94-AD56-47DE-A033-CC974AE57B9F}.Debug|Any CPU.Build.0 = Debug|Any CPU
		{EAEB1D94-AD56-47DE-A033-CC974AE57B9F}.Release|Any CPU.ActiveCfg = Release|Any CPU
		{EAEB1D94-AD56-47DE-A033-CC974AE57B9F}.Release|Any CPU.Build.0 = Release|Any CPU
	EndGlobalSection
	GlobalSection(SolutionProperties) = preSolution
		HideSolutionNode = FALSE
	EndGlobalSection
	GlobalSection(ExtensibilityGlobals) = postSolution
		SolutionGuid = {35B60D3C-BFDC-4A26-95B5-95037BCF28CB}
	EndGlobalSection
EndGlobal
